// !$*UTF8*$!
{
	archiveVersion = 1;
	classes = {
	};
	objectVersion = 46;
	objects = {

/* Begin PBXBuildFile section */
		CC02EFA11C13FABF00677FE1 /* TgTableViewCell.m in Sources */ = {isa = PBXBuildFile; fileRef = CC02EF9F1C13FABF00677FE1 /* TgTableViewCell.m */; };
		CC02EFA61C13FDED00677FE1 /* Tgmodel.m in Sources */ = {isa = PBXBuildFile; fileRef = CC02EFA51C13FDED00677FE1 /* Tgmodel.m */; };
		CC12BEE01C12E56A0013299F /* main.m in Sources */ = {isa = PBXBuildFile; fileRef = CC12BEDF1C12E56A0013299F /* main.m */; };
		CC12BEE31C12E56A0013299F /* AppDelegate.m in Sources */ = {isa = PBXBuildFile; fileRef = CC12BEE21C12E56A0013299F /* AppDelegate.m */; };
		CC12BEE91C12E56A0013299F /* Main.storyboard in Resources */ = {isa = PBXBuildFile; fileRef = CC12BEE71C12E56A0013299F /* Main.storyboard */; };
		CC12BEEB1C12E56A0013299F /* Images.xcassets in Resources */ = {isa = PBXBuildFile; fileRef = CC12BEEA1C12E56A0013299F /* Images.xcassets */; };
		CC12BEEE1C12E56A0013299F /* LaunchScreen.xib in Resources */ = {isa = PBXBuildFile; fileRef = CC12BEEC1C12E56A0013299F /* LaunchScreen.xib */; };
		CC12BEFA1C12E56A0013299F /* WX___Tests.m in Sources */ = {isa = PBXBuildFile; fileRef = CC12BEF91C12E56A0013299F /* WX___Tests.m */; };
		CC12BF491C12E8D90013299F /* friends.plist in Resources */ = {isa = PBXBuildFile; fileRef = CC12BF041C12E8D90013299F /* friends.plist */; };
		CC12BF4A1C12E8D90013299F /* new_feature_1@2x.png in Resources */ = {isa = PBXBuildFile; fileRef = CC12BF061C12E8D90013299F /* new_feature_1@2x.png */; };
		CC12BF4B1C12E8D90013299F /* new_feature_2@2x.png in Resources */ = {isa = PBXBuildFile; fileRef = CC12BF071C12E8D90013299F /* new_feature_2@2x.png */; };
		CC12BF4C1C12E8D90013299F /* new_feature_3@2x.png in Resources */ = {isa = PBXBuildFile; fileRef = CC12BF081C12E8D90013299F /* new_feature_3@2x.png */; };
		CC12BF4D1C12E8D90013299F /* 000.png in Resources */ = {isa = PBXBuildFile; fileRef = CC12BF0A1C12E8D90013299F /* 000.png */; };
		CC12BF4E1C12E8D90013299F /* 001.png in Resources */ = {isa = PBXBuildFile; fileRef = CC12BF0B1C12E8D90013299F /* 001.png */; };
		CC12BF4F1C12E8D90013299F /* 002.png in Resources */ = {isa = PBXBuildFile; fileRef = CC12BF0C1C12E8D90013299F /* 002.png */; };
		CC12BF501C12E8D90013299F /* 003.png in Resources */ = {isa = PBXBuildFile; fileRef = CC12BF0D1C12E8D90013299F /* 003.png */; };
		CC12BF511C12E8D90013299F /* 004.png in Resources */ = {isa = PBXBuildFile; fileRef = CC12BF0E1C12E8D90013299F /* 004.png */; };
		CC12BF521C12E8D90013299F /* 005.png in Resources */ = {isa = PBXBuildFile; fileRef = CC12BF0F1C12E8D90013299F /* 005.png */; };
		CC12BF531C12E8D90013299F /* 006.png in Resources */ = {isa = PBXBuildFile; fileRef = CC12BF101C12E8D90013299F /* 006.png */; };
		CC12BF541C12E8D90013299F /* 007.png in Resources */ = {isa = PBXBuildFile; fileRef = CC12BF111C12E8D90013299F /* 007.png */; };
		CC12BF551C12E8D90013299F /* 008.png in Resources */ = {isa = PBXBuildFile; fileRef = CC12BF121C12E8D90013299F /* 008.png */; };
		CC12BF561C12E8D90013299F /* 009.png in Resources */ = {isa = PBXBuildFile; fileRef = CC12BF131C12E8D90013299F /* 009.png */; };
		CC12BF571C12E8D90013299F /* buddy_header_arrow.png in Resources */ = {isa = PBXBuildFile; fileRef = CC12BF141C12E8D90013299F /* buddy_header_arrow.png */; };
		CC12BF581C12E8D90013299F /* buddy_header_bg.png in Resources */ = {isa = PBXBuildFile; fileRef = CC12BF151C12E8D90013299F /* buddy_header_bg.png */; };
		CC12BF591C12E8D90013299F /* buddy_header_bg_highlighted.png in Resources */ = {isa = PBXBuildFile; fileRef = CC12BF161C12E8D90013299F /* buddy_header_bg_highlighted.png */; };
		CC12BF5A1C12E8D90013299F /* MoreExpressionShops.png in Resources */ = {isa = PBXBuildFile; fileRef = CC12BF181C12E8D90013299F /* MoreExpressionShops.png */; };
		CC12BF5B1C12E8D90013299F /* MoreExpressionShops@2x.png in Resources */ = {isa = PBXBuildFile; fileRef = CC12BF191C12E8D90013299F /* MoreExpressionShops@2x.png */; };
		CC12BF5C1C12E8D90013299F /* MoreExpressionShops@3x.png in Resources */ = {isa = PBXBuildFile; fileRef = CC12BF1A1C12E8D90013299F /* MoreExpressionShops@3x.png */; };
		CC12BF5D1C12E8D90013299F /* MoreMyAlbum.png in Resources */ = {isa = PBXBuildFile; fileRef = CC12BF1B1C12E8D90013299F /* MoreMyAlbum.png */; };
		CC12BF5E1C12E8D90013299F /* MoreMyAlbum@2x.png in Resources */ = {isa = PBXBuildFile; fileRef = CC12BF1C1C12E8D90013299F /* MoreMyAlbum@2x.png */; };
		CC12BF5F1C12E8D90013299F /* MoreMyAlbum@3x.png in Resources */ = {isa = PBXBuildFile; fileRef = CC12BF1D1C12E8D90013299F /* MoreMyAlbum@3x.png */; };
		CC12BF601C12E8D90013299F /* MoreMyBankCard.png in Resources */ = {isa = PBXBuildFile; fileRef = CC12BF1E1C12E8D90013299F /* MoreMyBankCard.png */; };
		CC12BF611C12E8D90013299F /* MoreMyBankCard@2x.png in Resources */ = {isa = PBXBuildFile; fileRef = CC12BF1F1C12E8D90013299F /* MoreMyBankCard@2x.png */; };
		CC12BF621C12E8D90013299F /* MoreMyBankCard@3x.png in Resources */ = {isa = PBXBuildFile; fileRef = CC12BF201C12E8D90013299F /* MoreMyBankCard@3x.png */; };
		CC12BF631C12E8D90013299F /* MoreMyFavorites.png in Resources */ = {isa = PBXBuildFile; fileRef = CC12BF211C12E8D90013299F /* MoreMyFavorites.png */; };
		CC12BF641C12E8D90013299F /* MoreMyFavorites@2x.png in Resources */ = {isa = PBXBuildFile; fileRef = CC12BF221C12E8D90013299F /* MoreMyFavorites@2x.png */; };
		CC12BF651C12E8D90013299F /* MoreMyFavorites@3x.png in Resources */ = {isa = PBXBuildFile; fileRef = CC12BF231C12E8D90013299F /* MoreMyFavorites@3x.png */; };
		CC12BF661C12E8D90013299F /* MoreSetting@2x.png in Resources */ = {isa = PBXBuildFile; fileRef = CC12BF241C12E8D90013299F /* MoreSetting@2x.png */; };
		CC12BF671C12E8D90013299F /* MoreSetting@3x.png in Resources */ = {isa = PBXBuildFile; fileRef = CC12BF251C12E8D90013299F /* MoreSetting@3x.png */; };
		CC12BF681C12E8D90013299F /* tabbar_contacts@2x.png in Resources */ = {isa = PBXBuildFile; fileRef = CC12BF271C12E8D90013299F /* tabbar_contacts@2x.png */; };
		CC12BF691C12E8D90013299F /* tabbar_contacts@3x.png in Resources */ = {isa = PBXBuildFile; fileRef = CC12BF281C12E8D90013299F /* tabbar_contacts@3x.png */; };
		CC12BF6A1C12E8D90013299F /* tabbar_contactsHL@2x.png in Resources */ = {isa = PBXBuildFile; fileRef = CC12BF291C12E8D90013299F /* tabbar_contactsHL@2x.png */; };
		CC12BF6B1C12E8D90013299F /* tabbar_contactsHL@3x.png in Resources */ = {isa = PBXBuildFile; fileRef = CC12BF2A1C12E8D90013299F /* tabbar_contactsHL@3x.png */; };
		CC12BF6C1C12E8D90013299F /* tabbar_discover@2x.png in Resources */ = {isa = PBXBuildFile; fileRef = CC12BF2B1C12E8D90013299F /* tabbar_discover@2x.png */; };
		CC12BF6D1C12E8D90013299F /* tabbar_discover@3x.png in Resources */ = {isa = PBXBuildFile; fileRef = CC12BF2C1C12E8D90013299F /* tabbar_discover@3x.png */; };
		CC12BF6E1C12E8D90013299F /* tabbar_discoverHL@2x.png in Resources */ = {isa = PBXBuildFile; fileRef = CC12BF2D1C12E8D90013299F /* tabbar_discoverHL@2x.png */; };
		CC12BF6F1C12E8D90013299F /* tabbar_discoverHL@3x.png in Resources */ = {isa = PBXBuildFile; fileRef = CC12BF2E1C12E8D90013299F /* tabbar_discoverHL@3x.png */; };
		CC12BF701C12E8D90013299F /* tabbar_mainframe@2x.png in Resources */ = {isa = PBXBuildFile; fileRef = CC12BF2F1C12E8D90013299F /* tabbar_mainframe@2x.png */; };
		CC12BF711C12E8D90013299F /* tabbar_mainframe@3x.png in Resources */ = {isa = PBXBuildFile; fileRef = CC12BF301C12E8D90013299F /* tabbar_mainframe@3x.png */; };
		CC12BF721C12E8D90013299F /* tabbar_mainframeHL@2x.png in Resources */ = {isa = PBXBuildFile; fileRef = CC12BF311C12E8D90013299F /* tabbar_mainframeHL@2x.png */; };
		CC12BF731C12E8D90013299F /* tabbar_mainframeHL@3x.png in Resources */ = {isa = PBXBuildFile; fileRef = CC12BF321C12E8D90013299F /* tabbar_mainframeHL@3x.png */; };
		CC12BF741C12E8D90013299F /* tabbar_me@2x.png in Resources */ = {isa = PBXBuildFile; fileRef = CC12BF331C12E8D90013299F /* tabbar_me@2x.png */; };
		CC12BF751C12E8D90013299F /* tabbar_me@3x.png in Resources */ = {isa = PBXBuildFile; fileRef = CC12BF341C12E8D90013299F /* tabbar_me@3x.png */; };
		CC12BF761C12E8D90013299F /* tabbar_meHL@2x.png in Resources */ = {isa = PBXBuildFile; fileRef = CC12BF351C12E8D90013299F /* tabbar_meHL@2x.png */; };
		CC12BF771C12E8D90013299F /* tabbar_meHL@3x.png in Resources */ = {isa = PBXBuildFile; fileRef = CC12BF361C12E8D90013299F /* tabbar_meHL@3x.png */; };
		CC12BF781C12E8D90013299F /* tabbarBkg@2x.png in Resources */ = {isa = PBXBuildFile; fileRef = CC12BF371C12E8D90013299F /* tabbarBkg@2x.png */; };
		CC12BF791C12E8D90013299F /* icon_00.png in Resources */ = {isa = PBXBuildFile; fileRef = CC12BF391C12E8D90013299F /* icon_00.png */; };
		CC12BF7A1C12E8D90013299F /* icon_01.png in Resources */ = {isa = PBXBuildFile; fileRef = CC12BF3A1C12E8D90013299F /* icon_01.png */; };
		CC12BF7B1C12E8D90013299F /* icon_02.png in Resources */ = {isa = PBXBuildFile; fileRef = CC12BF3B1C12E8D90013299F /* icon_02.png */; };
		CC12BF7C1C12E8D90013299F /* icon_03.png in Resources */ = {isa = PBXBuildFile; fileRef = CC12BF3C1C12E8D90013299F /* icon_03.png */; };
		CC12BF7D1C12E8D90013299F /* icon_04.png in Resources */ = {isa = PBXBuildFile; fileRef = CC12BF3D1C12E8D90013299F /* icon_04.png */; };
		CC12BF7E1C12E8D90013299F /* icon_05.png in Resources */ = {isa = PBXBuildFile; fileRef = CC12BF3E1C12E8D90013299F /* icon_05.png */; };
		CC12BF7F1C12E8D90013299F /* icon_06.png in Resources */ = {isa = PBXBuildFile; fileRef = CC12BF3F1C12E8D90013299F /* icon_06.png */; };
		CC12BF801C12E8D90013299F /* icon_07.png in Resources */ = {isa = PBXBuildFile; fileRef = CC12BF401C12E8D90013299F /* icon_07.png */; };
		CC12BF811C12E8D90013299F /* icon_08.png in Resources */ = {isa = PBXBuildFile; fileRef = CC12BF411C12E8D90013299F /* icon_08.png */; };
		CC12BF821C12E8D90013299F /* icon_09.png in Resources */ = {isa = PBXBuildFile; fileRef = CC12BF421C12E8D90013299F /* icon_09.png */; };
		CC12BF831C12E8D90013299F /* icon_10.png in Resources */ = {isa = PBXBuildFile; fileRef = CC12BF431C12E8D90013299F /* icon_10.png */; };
		CC12BF841C12E8D90013299F /* icon_11.png in Resources */ = {isa = PBXBuildFile; fileRef = CC12BF441C12E8D90013299F /* icon_11.png */; };
		CC12BF851C12E8D90013299F /* icon_12.png in Resources */ = {isa = PBXBuildFile; fileRef = CC12BF451C12E8D90013299F /* icon_12.png */; };
		CC12BF861C12E8D90013299F /* icon_13.png in Resources */ = {isa = PBXBuildFile; fileRef = CC12BF461C12E8D90013299F /* icon_13.png */; };
		CC12BF871C12E8D90013299F /* icon_14.png in Resources */ = {isa = PBXBuildFile; fileRef = CC12BF471C12E8D90013299F /* icon_14.png */; };
		CC12BF881C12E8D90013299F /* tgs.plist in Resources */ = {isa = PBXBuildFile; fileRef = CC12BF481C12E8D90013299F /* tgs.plist */; };
		CC2AC0191C15A1530015531C /* ViewController.m in Sources */ = {isa = PBXBuildFile; fileRef = CC2AC0181C15A1530015531C /* ViewController.m */; };
		CC390FD81C15A45B001E16BD /* SearchViewController.m in Sources */ = {isa = PBXBuildFile; fileRef = CC390FD71C15A45B001E16BD /* SearchViewController.m */; };
		CC758E731C141BB2002832A3 /* FriendsTableViewCell.m in Sources */ = {isa = PBXBuildFile; fileRef = CC758E721C141BB2002832A3 /* FriendsTableViewCell.m */; };
		CC758E781C141D92002832A3 /* FriendViewController.m in Sources */ = {isa = PBXBuildFile; fileRef = CC758E771C141D92002832A3 /* FriendViewController.m */; };
		CC758E801C141EFE002832A3 /* FriendHeadView.m in Sources */ = {isa = PBXBuildFile; fileRef = CC758E7F1C141EFE002832A3 /* FriendHeadView.m */; };
		CC76F5391C142A6700964B04 /* FriendModel.m in Sources */ = {isa = PBXBuildFile; fileRef = CC76F5381C142A6700964B04 /* FriendModel.m */; };
		CC76F53F1C14509600964B04 /* FriendGroup.m in Sources */ = {isa = PBXBuildFile; fileRef = CC76F53E1C14509600964B04 /* FriendGroup.m */; };
		CCAB8AC71C14588100136C2B /* SetViewController.m in Sources */ = {isa = PBXBuildFile; fileRef = CCAB8AC61C14588100136C2B /* SetViewController.m */; };
		CCAB8ACA1C1463D500136C2B /* ZoomScrollView.m in Sources */ = {isa = PBXBuildFile; fileRef = CCAB8AC91C1463D500136C2B /* ZoomScrollView.m */; };
		CCAB8ACC1C1464E000136C2B /* 1_1.jpg in Resources */ = {isa = PBXBuildFile; fileRef = CCAB8ACB1C1464E000136C2B /* 1_1.jpg */; };
		CCAB8ACE1C14652B00136C2B /* 3_1.jpg in Resources */ = {isa = PBXBuildFile; fileRef = CCAB8ACD1C14652B00136C2B /* 3_1.jpg */; };
		CCAB8AD01C14653500136C2B /* 2_1.jpg in Resources */ = {isa = PBXBuildFile; fileRef = CCAB8ACF1C14653500136C2B /* 2_1.jpg */; };
/* End PBXBuildFile section */

/* Begin PBXContainerItemProxy section */
		CC12BEF41C12E56A0013299F /* PBXContainerItemProxy */ = {
			isa = PBXContainerItemProxy;
			containerPortal = CC12BED21C12E56A0013299F /* Project object */;
			proxyType = 1;
			remoteGlobalIDString = CC12BED91C12E56A0013299F;
			remoteInfo = "WX-作业";
		};
/* End PBXContainerItemProxy section */

/* Begin PBXFileReference section */
		CC02EF9E1C13FABF00677FE1 /* TgTableViewCell.h */ = {isa = PBXFileReference; fileEncoding = 4; lastKnownFileType = sourcecode.c.h; path = TgTableViewCell.h; sourceTree = "<group>"; };
		CC02EF9F1C13FABF00677FE1 /* TgTableViewCell.m */ = {isa = PBXFileReference; fileEncoding = 4; lastKnownFileType = sourcecode.c.objc; path = TgTableViewCell.m; sourceTree = "<group>"; };
		CC02EFA41C13FDED00677FE1 /* Tgmodel.h */ = {isa = PBXFileReference; fileEncoding = 4; lastKnownFileType = sourcecode.c.h; path = Tgmodel.h; sourceTree = "<group>"; };
		CC02EFA51C13FDED00677FE1 /* Tgmodel.m */ = {isa = PBXFileReference; fileEncoding = 4; lastKnownFileType = sourcecode.c.objc; path = Tgmodel.m; sourceTree = "<group>"; };
		CC12BEDA1C12E56A0013299F /* WX-作业.app */ = {isa = PBXFileReference; explicitFileType = wrapper.application; includeInIndex = 0; path = "WX-作业.app"; sourceTree = BUILT_PRODUCTS_DIR; };
		CC12BEDE1C12E56A0013299F /* Info.plist */ = {isa = PBXFileReference; lastKnownFileType = text.plist.xml; path = Info.plist; sourceTree = "<group>"; };
		CC12BEDF1C12E56A0013299F /* main.m */ = {isa = PBXFileReference; lastKnownFileType = sourcecode.c.objc; path = main.m; sourceTree = "<group>"; };
		CC12BEE11C12E56A0013299F /* AppDelegate.h */ = {isa = PBXFileReference; lastKnownFileType = sourcecode.c.h; path = AppDelegate.h; sourceTree = "<group>"; };
		CC12BEE21C12E56A0013299F /* AppDelegate.m */ = {isa = PBXFileReference; lastKnownFileType = sourcecode.c.objc; path = AppDelegate.m; sourceTree = "<group>"; };
		CC12BEE81C12E56A0013299F /* Base */ = {isa = PBXFileReference; lastKnownFileType = file.storyboard; name = Base; path = Base.lproj/Main.storyboard; sourceTree = "<group>"; };
		CC12BEEA1C12E56A0013299F /* Images.xcassets */ = {isa = PBXFileReference; lastKnownFileType = folder.assetcatalog; path = Images.xcassets; sourceTree = "<group>"; };
		CC12BEED1C12E56A0013299F /* Base */ = {isa = PBXFileReference; lastKnownFileType = file.xib; name = Base; path = Base.lproj/LaunchScreen.xib; sourceTree = "<group>"; };
		CC12BEF31C12E56A0013299F /* WX-作业Tests.xctest */ = {isa = PBXFileReference; explicitFileType = wrapper.cfbundle; includeInIndex = 0; path = "WX-作业Tests.xctest"; sourceTree = BUILT_PRODUCTS_DIR; };
		CC12BEF81C12E56A0013299F /* Info.plist */ = {isa = PBXFileReference; lastKnownFileType = text.plist.xml; path = Info.plist; sourceTree = "<group>"; };
		CC12BEF91C12E56A0013299F /* WX___Tests.m */ = {isa = PBXFileReference; lastKnownFileType = sourcecode.c.objc; path = "WX___Tests.m"; sourceTree = "<group>"; };
		CC12BF041C12E8D90013299F /* friends.plist */ = {isa = PBXFileReference; fileEncoding = 4; lastKnownFileType = text.plist.xml; path = friends.plist; sourceTree = "<group>"; };
		CC12BF061C12E8D90013299F /* new_feature_1@2x.png */ = {isa = PBXFileReference; lastKnownFileType = image.png; path = "new_feature_1@2x.png"; sourceTree = "<group>"; };
		CC12BF071C12E8D90013299F /* new_feature_2@2x.png */ = {isa = PBXFileReference; lastKnownFileType = image.png; path = "new_feature_2@2x.png"; sourceTree = "<group>"; };
		CC12BF081C12E8D90013299F /* new_feature_3@2x.png */ = {isa = PBXFileReference; lastKnownFileType = image.png; path = "new_feature_3@2x.png"; sourceTree = "<group>"; };
		CC12BF0A1C12E8D90013299F /* 000.png */ = {isa = PBXFileReference; lastKnownFileType = image.png; path = 000.png; sourceTree = "<group>"; };
		CC12BF0B1C12E8D90013299F /* 001.png */ = {isa = PBXFileReference; lastKnownFileType = image.png; path = 001.png; sourceTree = "<group>"; };
		CC12BF0C1C12E8D90013299F /* 002.png */ = {isa = PBXFileReference; lastKnownFileType = image.png; path = 002.png; sourceTree = "<group>"; };
		CC12BF0D1C12E8D90013299F /* 003.png */ = {isa = PBXFileReference; lastKnownFileType = image.png; path = 003.png; sourceTree = "<group>"; };
		CC12BF0E1C12E8D90013299F /* 004.png */ = {isa = PBXFileReference; lastKnownFileType = image.png; path = 004.png; sourceTree = "<group>"; };
		CC12BF0F1C12E8D90013299F /* 005.png */ = {isa = PBXFileReference; lastKnownFileType = image.png; path = 005.png; sourceTree = "<group>"; };
		CC12BF101C12E8D90013299F /* 006.png */ = {isa = PBXFileReference; lastKnownFileType = image.png; path = 006.png; sourceTree = "<group>"; };
		CC12BF111C12E8D90013299F /* 007.png */ = {isa = PBXFileReference; lastKnownFileType = image.png; path = 007.png; sourceTree = "<group>"; };
		CC12BF121C12E8D90013299F /* 008.png */ = {isa = PBXFileReference; lastKnownFileType = image.png; path = 008.png; sourceTree = "<group>"; };
		CC12BF131C12E8D90013299F /* 009.png */ = {isa = PBXFileReference; lastKnownFileType = image.png; path = 009.png; sourceTree = "<group>"; };
		CC12BF141C12E8D90013299F /* buddy_header_arrow.png */ = {isa = PBXFileReference; lastKnownFileType = image.png; path = buddy_header_arrow.png; sourceTree = "<group>"; };
		CC12BF151C12E8D90013299F /* buddy_header_bg.png */ = {isa = PBXFileReference; lastKnownFileType = image.png; path = buddy_header_bg.png; sourceTree = "<group>"; };
		CC12BF161C12E8D90013299F /* buddy_header_bg_highlighted.png */ = {isa = PBXFileReference; lastKnownFileType = image.png; path = buddy_header_bg_highlighted.png; sourceTree = "<group>"; };
		CC12BF181C12E8D90013299F /* MoreExpressionShops.png */ = {isa = PBXFileReference; lastKnownFileType = image.png; path = MoreExpressionShops.png; sourceTree = "<group>"; };
		CC12BF191C12E8D90013299F /* MoreExpressionShops@2x.png */ = {isa = PBXFileReference; lastKnownFileType = image.png; path = "MoreExpressionShops@2x.png"; sourceTree = "<group>"; };
		CC12BF1A1C12E8D90013299F /* MoreExpressionShops@3x.png */ = {isa = PBXFileReference; lastKnownFileType = image.png; path = "MoreExpressionShops@3x.png"; sourceTree = "<group>"; };
		CC12BF1B1C12E8D90013299F /* MoreMyAlbum.png */ = {isa = PBXFileReference; lastKnownFileType = image.png; path = MoreMyAlbum.png; sourceTree = "<group>"; };
		CC12BF1C1C12E8D90013299F /* MoreMyAlbum@2x.png */ = {isa = PBXFileReference; lastKnownFileType = image.png; path = "MoreMyAlbum@2x.png"; sourceTree = "<group>"; };
		CC12BF1D1C12E8D90013299F /* MoreMyAlbum@3x.png */ = {isa = PBXFileReference; lastKnownFileType = image.png; path = "MoreMyAlbum@3x.png"; sourceTree = "<group>"; };
		CC12BF1E1C12E8D90013299F /* MoreMyBankCard.png */ = {isa = PBXFileReference; lastKnownFileType = image.png; path = MoreMyBankCard.png; sourceTree = "<group>"; };
		CC12BF1F1C12E8D90013299F /* MoreMyBankCard@2x.png */ = {isa = PBXFileReference; lastKnownFileType = image.png; path = "MoreMyBankCard@2x.png"; sourceTree = "<group>"; };
		CC12BF201C12E8D90013299F /* MoreMyBankCard@3x.png */ = {isa = PBXFileReference; lastKnownFileType = image.png; path = "MoreMyBankCard@3x.png"; sourceTree = "<group>"; };
		CC12BF211C12E8D90013299F /* MoreMyFavorites.png */ = {isa = PBXFileReference; lastKnownFileType = image.png; path = MoreMyFavorites.png; sourceTree = "<group>"; };
		CC12BF221C12E8D90013299F /* MoreMyFavorites@2x.png */ = {isa = PBXFileReference; lastKnownFileType = image.png; path = "MoreMyFavorites@2x.png"; sourceTree = "<group>"; };
		CC12BF231C12E8D90013299F /* MoreMyFavorites@3x.png */ = {isa = PBXFileReference; lastKnownFileType = image.png; path = "MoreMyFavorites@3x.png"; sourceTree = "<group>"; };
		CC12BF241C12E8D90013299F /* MoreSetting@2x.png */ = {isa = PBXFileReference; lastKnownFileType = image.png; path = "MoreSetting@2x.png"; sourceTree = "<group>"; };
		CC12BF251C12E8D90013299F /* MoreSetting@3x.png */ = {isa = PBXFileReference; lastKnownFileType = image.png; path = "MoreSetting@3x.png"; sourceTree = "<group>"; };
		CC12BF271C12E8D90013299F /* tabbar_contacts@2x.png */ = {isa = PBXFileReference; lastKnownFileType = image.png; path = "tabbar_contacts@2x.png"; sourceTree = "<group>"; };
		CC12BF281C12E8D90013299F /* tabbar_contacts@3x.png */ = {isa = PBXFileReference; lastKnownFileType = image.png; path = "tabbar_contacts@3x.png"; sourceTree = "<group>"; };
		CC12BF291C12E8D90013299F /* tabbar_contactsHL@2x.png */ = {isa = PBXFileReference; lastKnownFileType = image.png; path = "tabbar_contactsHL@2x.png"; sourceTree = "<group>"; };
		CC12BF2A1C12E8D90013299F /* tabbar_contactsHL@3x.png */ = {isa = PBXFileReference; lastKnownFileType = image.png; path = "tabbar_contactsHL@3x.png"; sourceTree = "<group>"; };
		CC12BF2B1C12E8D90013299F /* tabbar_discover@2x.png */ = {isa = PBXFileReference; lastKnownFileType = image.png; path = "tabbar_discover@2x.png"; sourceTree = "<group>"; };
		CC12BF2C1C12E8D90013299F /* tabbar_discover@3x.png */ = {isa = PBXFileReference; lastKnownFileType = image.png; path = "tabbar_discover@3x.png"; sourceTree = "<group>"; };
		CC12BF2D1C12E8D90013299F /* tabbar_discoverHL@2x.png */ = {isa = PBXFileReference; lastKnownFileType = image.png; path = "tabbar_discoverHL@2x.png"; sourceTree = "<group>"; };
		CC12BF2E1C12E8D90013299F /* tabbar_discoverHL@3x.png */ = {isa = PBXFileReference; lastKnownFileType = image.png; path = "tabbar_discoverHL@3x.png"; sourceTree = "<group>"; };
		CC12BF2F1C12E8D90013299F /* tabbar_mainframe@2x.png */ = {isa = PBXFileReference; lastKnownFileType = image.png; path = "tabbar_mainframe@2x.png"; sourceTree = "<group>"; };
		CC12BF301C12E8D90013299F /* tabbar_mainframe@3x.png */ = {isa = PBXFileReference; lastKnownFileType = image.png; path = "tabbar_mainframe@3x.png"; sourceTree = "<group>"; };
		CC12BF311C12E8D90013299F /* tabbar_mainframeHL@2x.png */ = {isa = PBXFileReference; lastKnownFileType = image.png; path = "tabbar_mainframeHL@2x.png"; sourceTree = "<group>"; };
		CC12BF321C12E8D90013299F /* tabbar_mainframeHL@3x.png */ = {isa = PBXFileReference; lastKnownFileType = image.png; path = "tabbar_mainframeHL@3x.png"; sourceTree = "<group>"; };
		CC12BF331C12E8D90013299F /* tabbar_me@2x.png */ = {isa = PBXFileReference; lastKnownFileType = image.png; path = "tabbar_me@2x.png"; sourceTree = "<group>"; };
		CC12BF341C12E8D90013299F /* tabbar_me@3x.png */ = {isa = PBXFileReference; lastKnownFileType = image.png; path = "tabbar_me@3x.png"; sourceTree = "<group>"; };
		CC12BF351C12E8D90013299F /* tabbar_meHL@2x.png */ = {isa = PBXFileReference; lastKnownFileType = image.png; path = "tabbar_meHL@2x.png"; sourceTree = "<group>"; };
		CC12BF361C12E8D90013299F /* tabbar_meHL@3x.png */ = {isa = PBXFileReference; lastKnownFileType = image.png; path = "tabbar_meHL@3x.png"; sourceTree = "<group>"; };
		CC12BF371C12E8D90013299F /* tabbarBkg@2x.png */ = {isa = PBXFileReference; lastKnownFileType = image.png; path = "tabbarBkg@2x.png"; sourceTree = "<group>"; };
		CC12BF391C12E8D90013299F /* icon_00.png */ = {isa = PBXFileReference; lastKnownFileType = image.png; path = icon_00.png; sourceTree = "<group>"; };
		CC12BF3A1C12E8D90013299F /* icon_01.png */ = {isa = PBXFileReference; lastKnownFileType = image.png; path = icon_01.png; sourceTree = "<group>"; };
		CC12BF3B1C12E8D90013299F /* icon_02.png */ = {isa = PBXFileReference; lastKnownFileType = image.png; path = icon_02.png; sourceTree = "<group>"; };
		CC12BF3C1C12E8D90013299F /* icon_03.png */ = {isa = PBXFileReference; lastKnownFileType = image.png; path = icon_03.png; sourceTree = "<group>"; };
		CC12BF3D1C12E8D90013299F /* icon_04.png */ = {isa = PBXFileReference; lastKnownFileType = image.png; path = icon_04.png; sourceTree = "<group>"; };
		CC12BF3E1C12E8D90013299F /* icon_05.png */ = {isa = PBXFileReference; lastKnownFileType = image.png; path = icon_05.png; sourceTree = "<group>"; };
		CC12BF3F1C12E8D90013299F /* icon_06.png */ = {isa = PBXFileReference; lastKnownFileType = image.png; path = icon_06.png; sourceTree = "<group>"; };
		CC12BF401C12E8D90013299F /* icon_07.png */ = {isa = PBXFileReference; lastKnownFileType = image.png; path = icon_07.png; sourceTree = "<group>"; };
		CC12BF411C12E8D90013299F /* icon_08.png */ = {isa = PBXFileReference; lastKnownFileType = image.png; path = icon_08.png; sourceTree = "<group>"; };
		CC12BF421C12E8D90013299F /* icon_09.png */ = {isa = PBXFileReference; lastKnownFileType = image.png; path = icon_09.png; sourceTree = "<group>"; };
		CC12BF431C12E8D90013299F /* icon_10.png */ = {isa = PBXFileReference; lastKnownFileType = image.png; path = icon_10.png; sourceTree = "<group>"; };
		CC12BF441C12E8D90013299F /* icon_11.png */ = {isa = PBXFileReference; lastKnownFileType = image.png; path = icon_11.png; sourceTree = "<group>"; };
		CC12BF451C12E8D90013299F /* icon_12.png */ = {isa = PBXFileReference; lastKnownFileType = image.png; path = icon_12.png; sourceTree = "<group>"; };
		CC12BF461C12E8D90013299F /* icon_13.png */ = {isa = PBXFileReference; lastKnownFileType = image.png; path = icon_13.png; sourceTree = "<group>"; };
		CC12BF471C12E8D90013299F /* icon_14.png */ = {isa = PBXFileReference; lastKnownFileType = image.png; path = icon_14.png; sourceTree = "<group>"; };
		CC12BF481C12E8D90013299F /* tgs.plist */ = {isa = PBXFileReference; fileEncoding = 4; lastKnownFileType = text.plist.xml; path = tgs.plist; sourceTree = "<group>"; };
		CC2AC0171C15A1530015531C /* ViewController.h */ = {isa = PBXFileReference; fileEncoding = 4; lastKnownFileType = sourcecode.c.h; path = ViewController.h; sourceTree = "<group>"; };
		CC2AC0181C15A1530015531C /* ViewController.m */ = {isa = PBXFileReference; fileEncoding = 4; lastKnownFileType = sourcecode.c.objc; path = ViewController.m; sourceTree = "<group>"; };
		CC390FD61C15A45B001E16BD /* SearchViewController.h */ = {isa = PBXFileReference; fileEncoding = 4; lastKnownFileType = sourcecode.c.h; path = SearchViewController.h; sourceTree = "<group>"; };
		CC390FD71C15A45B001E16BD /* SearchViewController.m */ = {isa = PBXFileReference; fileEncoding = 4; lastKnownFileType = sourcecode.c.objc; path = SearchViewController.m; sourceTree = "<group>"; };
		CC758E711C141BB2002832A3 /* FriendsTableViewCell.h */ = {isa = PBXFileReference; fileEncoding = 4; lastKnownFileType = sourcecode.c.h; path = FriendsTableViewCell.h; sourceTree = "<group>"; };
		CC758E721C141BB2002832A3 /* FriendsTableViewCell.m */ = {isa = PBXFileReference; fileEncoding = 4; lastKnownFileType = sourcecode.c.objc; path = FriendsTableViewCell.m; sourceTree = "<group>"; };
		CC758E761C141D92002832A3 /* FriendViewController.h */ = {isa = PBXFileReference; fileEncoding = 4; lastKnownFileType = sourcecode.c.h; path = FriendViewController.h; sourceTree = "<group>"; };
		CC758E771C141D92002832A3 /* FriendViewController.m */ = {isa = PBXFileReference; fileEncoding = 4; lastKnownFileType = sourcecode.c.objc; path = FriendViewController.m; sourceTree = "<group>"; };
		CC758E7E1C141EFE002832A3 /* FriendHeadView.h */ = {isa = PBXFileReference; fileEncoding = 4; lastKnownFileType = sourcecode.c.h; path = FriendHeadView.h; sourceTree = "<group>"; };
		CC758E7F1C141EFE002832A3 /* FriendHeadView.m */ = {isa = PBXFileReference; fileEncoding = 4; lastKnownFileType = sourcecode.c.objc; path = FriendHeadView.m; sourceTree = "<group>"; };
		CC76F5371C142A6700964B04 /* FriendModel.h */ = {isa = PBXFileReference; fileEncoding = 4; lastKnownFileType = sourcecode.c.h; path = FriendModel.h; sourceTree = "<group>"; };
		CC76F5381C142A6700964B04 /* FriendModel.m */ = {isa = PBXFileReference; fileEncoding = 4; lastKnownFileType = sourcecode.c.objc; path = FriendModel.m; sourceTree = "<group>"; };
		CC76F53D1C14509600964B04 /* FriendGroup.h */ = {isa = PBXFileReference; fileEncoding = 4; lastKnownFileType = sourcecode.c.h; path = FriendGroup.h; sourceTree = "<group>"; };
		CC76F53E1C14509600964B04 /* FriendGroup.m */ = {isa = PBXFileReference; fileEncoding = 4; lastKnownFileType = sourcecode.c.objc; path = FriendGroup.m; sourceTree = "<group>"; };
		CCAB8AC51C14588100136C2B /* SetViewController.h */ = {isa = PBXFileReference; fileEncoding = 4; lastKnownFileType = sourcecode.c.h; path = SetViewController.h; sourceTree = "<group>"; };
		CCAB8AC61C14588100136C2B /* SetViewController.m */ = {isa = PBXFileReference; fileEncoding = 4; lastKnownFileType = sourcecode.c.objc; path = SetViewController.m; sourceTree = "<group>"; };
		CCAB8AC81C1463D500136C2B /* ZoomScrollView.h */ = {isa = PBXFileReference; fileEncoding = 4; lastKnownFileType = sourcecode.c.h; path = ZoomScrollView.h; sourceTree = "<group>"; };
		CCAB8AC91C1463D500136C2B /* ZoomScrollView.m */ = {isa = PBXFileReference; fileEncoding = 4; lastKnownFileType = sourcecode.c.objc; path = ZoomScrollView.m; sourceTree = "<group>"; };
		CCAB8ACB1C1464E000136C2B /* 1_1.jpg */ = {isa = PBXFileReference; lastKnownFileType = image.jpeg; name = 1_1.jpg; path = "../../../../桌面壁纸/1_1.jpg"; sourceTree = "<group>"; };
		CCAB8ACD1C14652B00136C2B /* 3_1.jpg */ = {isa = PBXFileReference; lastKnownFileType = image.jpeg; name = 3_1.jpg; path = "../../../../桌面壁纸/3_1.jpg"; sourceTree = "<group>"; };
		CCAB8ACF1C14653500136C2B /* 2_1.jpg */ = {isa = PBXFileReference; lastKnownFileType = image.jpeg; name = 2_1.jpg; path = "../../../../桌面壁纸/2_1.jpg"; sourceTree = "<group>"; };
/* End PBXFileReference section */

/* Begin PBXFrameworksBuildPhase section */
		CC12BED71C12E56A0013299F /* Frameworks */ = {
			isa = PBXFrameworksBuildPhase;
			buildActionMask = 2147483647;
			files = (
			);
			runOnlyForDeploymentPostprocessing = 0;
		};
		CC12BEF01C12E56A0013299F /* Frameworks */ = {
			isa = PBXFrameworksBuildPhase;
			buildActionMask = 2147483647;
			files = (
			);
			runOnlyForDeploymentPostprocessing = 0;
		};
/* End PBXFrameworksBuildPhase section */

/* Begin PBXGroup section */
		CC02EF9D1C13FAA400677FE1 /* 团购 */ = {
			isa = PBXGroup;
			children = (
				CC02EFA31C13FDAA00677FE1 /* Models */,
				CC758E741C141BCB002832A3 /* Views */,
				CC758E751C141C30002832A3 /* Controller */,
			);
			name = "团购";
			sourceTree = "<group>";
		};
		CC02EFA31C13FDAA00677FE1 /* Models */ = {
			isa = PBXGroup;
			children = (
				CC02EFA41C13FDED00677FE1 /* Tgmodel.h */,
				CC02EFA51C13FDED00677FE1 /* Tgmodel.m */,
			);
			name = Models;
			sourceTree = "<group>";
		};
		CC12BED11C12E56A0013299F = {
			isa = PBXGroup;
			children = (
				CC12BEDC1C12E56A0013299F /* WX-作业 */,
				CC12BEF61C12E56A0013299F /* WX-作业Tests */,
				CC12BEDB1C12E56A0013299F /* Products */,
			);
			sourceTree = "<group>";
		};
		CC12BEDB1C12E56A0013299F /* Products */ = {
			isa = PBXGroup;
			children = (
				CC12BEDA1C12E56A0013299F /* WX-作业.app */,
				CC12BEF31C12E56A0013299F /* WX-作业Tests.xctest */,
			);
			name = Products;
			sourceTree = "<group>";
		};
		CC12BEDC1C12E56A0013299F /* WX-作业 */ = {
			isa = PBXGroup;
			children = (
				CC02EF9D1C13FAA400677FE1 /* 团购 */,
				CC758E6F1C141AF3002832A3 /* 通讯录 */,
				CC758E701C141B03002832A3 /* 设置 */,
				CC12BEE71C12E56A0013299F /* Main.storyboard */,
				CC12BEEA1C12E56A0013299F /* Images.xcassets */,
				CC12BEEC1C12E56A0013299F /* LaunchScreen.xib */,
				CC12BEE11C12E56A0013299F /* AppDelegate.h */,
				CC12BEE21C12E56A0013299F /* AppDelegate.m */,
				CC12BEDD1C12E56A0013299F /* Supporting Files */,
			);
			path = "WX-作业";
			sourceTree = "<group>";
		};
		CC12BEDD1C12E56A0013299F /* Supporting Files */ = {
			isa = PBXGroup;
			children = (
				CC12BF031C12E8D90013299F /* wx */,
				CC12BEDE1C12E56A0013299F /* Info.plist */,
				CC12BEDF1C12E56A0013299F /* main.m */,
			);
			name = "Supporting Files";
			sourceTree = "<group>";
		};
		CC12BEF61C12E56A0013299F /* WX-作业Tests */ = {
			isa = PBXGroup;
			children = (
				CC12BEF91C12E56A0013299F /* WX___Tests.m */,
				CC12BEF71C12E56A0013299F /* Supporting Files */,
			);
			path = "WX-作业Tests";
			sourceTree = "<group>";
		};
		CC12BEF71C12E56A0013299F /* Supporting Files */ = {
			isa = PBXGroup;
			children = (
				CC12BEF81C12E56A0013299F /* Info.plist */,
			);
			name = "Supporting Files";
			sourceTree = "<group>";
		};
		CC12BF031C12E8D90013299F /* wx */ = {
			isa = PBXGroup;
			children = (
				CC12BF041C12E8D90013299F /* friends.plist */,
				CC12BF051C12E8D90013299F /* materials */,
				CC12BF091C12E8D90013299F /* QQ好友 */,
				CC12BF171C12E8D90013299F /* setting */,
				CC12BF261C12E8D90013299F /* tabbar */,
				CC12BF381C12E8D90013299F /* tg */,
				CC12BF481C12E8D90013299F /* tgs.plist */,
			);
			name = wx;
			path = "../../../../素材/wx";
			sourceTree = "<group>";
		};
		CC12BF051C12E8D90013299F /* materials */ = {
			isa = PBXGroup;
			children = (
				CCAB8ACB1C1464E000136C2B /* 1_1.jpg */,
				CCAB8ACF1C14653500136C2B /* 2_1.jpg */,
				CCAB8ACD1C14652B00136C2B /* 3_1.jpg */,
				CC12BF061C12E8D90013299F /* new_feature_1@2x.png */,
				CC12BF071C12E8D90013299F /* new_feature_2@2x.png */,
				CC12BF081C12E8D90013299F /* new_feature_3@2x.png */,
			);
			path = materials;
			sourceTree = "<group>";
		};
		CC12BF091C12E8D90013299F /* QQ好友 */ = {
			isa = PBXGroup;
			children = (
				CC12BF0A1C12E8D90013299F /* 000.png */,
				CC12BF0B1C12E8D90013299F /* 001.png */,
				CC12BF0C1C12E8D90013299F /* 002.png */,
				CC12BF0D1C12E8D90013299F /* 003.png */,
				CC12BF0E1C12E8D90013299F /* 004.png */,
				CC12BF0F1C12E8D90013299F /* 005.png */,
				CC12BF101C12E8D90013299F /* 006.png */,
				CC12BF111C12E8D90013299F /* 007.png */,
				CC12BF121C12E8D90013299F /* 008.png */,
				CC12BF131C12E8D90013299F /* 009.png */,
				CC12BF141C12E8D90013299F /* buddy_header_arrow.png */,
				CC12BF151C12E8D90013299F /* buddy_header_bg.png */,
				CC12BF161C12E8D90013299F /* buddy_header_bg_highlighted.png */,
			);
			path = "QQ好友";
			sourceTree = "<group>";
		};
		CC12BF171C12E8D90013299F /* setting */ = {
			isa = PBXGroup;
			children = (
				CC12BF181C12E8D90013299F /* MoreExpressionShops.png */,
				CC12BF191C12E8D90013299F /* MoreExpressionShops@2x.png */,
				CC12BF1A1C12E8D90013299F /* MoreExpressionShops@3x.png */,
				CC12BF1B1C12E8D90013299F /* MoreMyAlbum.png */,
				CC12BF1C1C12E8D90013299F /* MoreMyAlbum@2x.png */,
				CC12BF1D1C12E8D90013299F /* MoreMyAlbum@3x.png */,
				CC12BF1E1C12E8D90013299F /* MoreMyBankCard.png */,
				CC12BF1F1C12E8D90013299F /* MoreMyBankCard@2x.png */,
				CC12BF201C12E8D90013299F /* MoreMyBankCard@3x.png */,
				CC12BF211C12E8D90013299F /* MoreMyFavorites.png */,
				CC12BF221C12E8D90013299F /* MoreMyFavorites@2x.png */,
				CC12BF231C12E8D90013299F /* MoreMyFavorites@3x.png */,
				CC12BF241C12E8D90013299F /* MoreSetting@2x.png */,
				CC12BF251C12E8D90013299F /* MoreSetting@3x.png */,
			);
			path = setting;
			sourceTree = "<group>";
		};
		CC12BF261C12E8D90013299F /* tabbar */ = {
			isa = PBXGroup;
			children = (
				CC12BF271C12E8D90013299F /* tabbar_contacts@2x.png */,
				CC12BF281C12E8D90013299F /* tabbar_contacts@3x.png */,
				CC12BF291C12E8D90013299F /* tabbar_contactsHL@2x.png */,
				CC12BF2A1C12E8D90013299F /* tabbar_contactsHL@3x.png */,
				CC12BF2B1C12E8D90013299F /* tabbar_discover@2x.png */,
				CC12BF2C1C12E8D90013299F /* tabbar_discover@3x.png */,
				CC12BF2D1C12E8D90013299F /* tabbar_discoverHL@2x.png */,
				CC12BF2E1C12E8D90013299F /* tabbar_discoverHL@3x.png */,
				CC12BF2F1C12E8D90013299F /* tabbar_mainframe@2x.png */,
				CC12BF301C12E8D90013299F /* tabbar_mainframe@3x.png */,
				CC12BF311C12E8D90013299F /* tabbar_mainframeHL@2x.png */,
				CC12BF321C12E8D90013299F /* tabbar_mainframeHL@3x.png */,
				CC12BF331C12E8D90013299F /* tabbar_me@2x.png */,
				CC12BF341C12E8D90013299F /* tabbar_me@3x.png */,
				CC12BF351C12E8D90013299F /* tabbar_meHL@2x.png */,
				CC12BF361C12E8D90013299F /* tabbar_meHL@3x.png */,
				CC12BF371C12E8D90013299F /* tabbarBkg@2x.png */,
			);
			path = tabbar;
			sourceTree = "<group>";
		};
		CC12BF381C12E8D90013299F /* tg */ = {
			isa = PBXGroup;
			children = (
				CC12BF391C12E8D90013299F /* icon_00.png */,
				CC12BF3A1C12E8D90013299F /* icon_01.png */,
				CC12BF3B1C12E8D90013299F /* icon_02.png */,
				CC12BF3C1C12E8D90013299F /* icon_03.png */,
				CC12BF3D1C12E8D90013299F /* icon_04.png */,
				CC12BF3E1C12E8D90013299F /* icon_05.png */,
				CC12BF3F1C12E8D90013299F /* icon_06.png */,
				CC12BF401C12E8D90013299F /* icon_07.png */,
				CC12BF411C12E8D90013299F /* icon_08.png */,
				CC12BF421C12E8D90013299F /* icon_09.png */,
				CC12BF431C12E8D90013299F /* icon_10.png */,
				CC12BF441C12E8D90013299F /* icon_11.png */,
				CC12BF451C12E8D90013299F /* icon_12.png */,
				CC12BF461C12E8D90013299F /* icon_13.png */,
				CC12BF471C12E8D90013299F /* icon_14.png */,
			);
			path = tg;
			sourceTree = "<group>";
		};
		CC758E6F1C141AF3002832A3 /* 通讯录 */ = {
			isa = PBXGroup;
			children = (
				CC758E791C141D98002832A3 /* models */,
				CC758E7A1C141DD6002832A3 /* Views */,
				CC76F5261C1421B000964B04 /* Controllers */,
			);
			name = "通讯录";
			sourceTree = "<group>";
		};
		CC758E701C141B03002832A3 /* 设置 */ = {
			isa = PBXGroup;
			children = (
				CCAB8AC81C1463D500136C2B /* ZoomScrollView.h */,
				CCAB8AC91C1463D500136C2B /* ZoomScrollView.m */,
				CCAB8AC51C14588100136C2B /* SetViewController.h */,
				CCAB8AC61C14588100136C2B /* SetViewController.m */,
			);
			name = "设置";
			sourceTree = "<group>";
		};
		CC758E741C141BCB002832A3 /* Views */ = {
			isa = PBXGroup;
			children = (
				CC02EF9E1C13FABF00677FE1 /* TgTableViewCell.h */,
				CC02EF9F1C13FABF00677FE1 /* TgTableViewCell.m */,
			);
			name = Views;
			sourceTree = "<group>";
		};
		CC758E751C141C30002832A3 /* Controller */ = {
			isa = PBXGroup;
			children = (
				CC2AC0171C15A1530015531C /* ViewController.h */,
				CC2AC0181C15A1530015531C /* ViewController.m */,
				CC390FD61C15A45B001E16BD /* SearchViewController.h */,
				CC390FD71C15A45B001E16BD /* SearchViewController.m */,
			);
			name = Controller;
			sourceTree = "<group>";
		};
		CC758E791C141D98002832A3 /* models */ = {
			isa = PBXGroup;
			children = (
				CC76F5371C142A6700964B04 /* FriendModel.h */,
				CC76F5381C142A6700964B04 /* FriendModel.m */,
				CC76F53D1C14509600964B04 /* FriendGroup.h */,
				CC76F53E1C14509600964B04 /* FriendGroup.m */,
			);
			name = models;
			sourceTree = "<group>";
		};
		CC758E7A1C141DD6002832A3 /* Views */ = {
			isa = PBXGroup;
			children = (
				CC758E711C141BB2002832A3 /* FriendsTableViewCell.h */,
				CC758E721C141BB2002832A3 /* FriendsTableViewCell.m */,
				CC758E7E1C141EFE002832A3 /* FriendHeadView.h */,
				CC758E7F1C141EFE002832A3 /* FriendHeadView.m */,
			);
			name = Views;
			sourceTree = "<group>";
		};
		CC76F5261C1421B000964B04 /* Controllers */ = {
			isa = PBXGroup;
			children = (
				CC758E761C141D92002832A3 /* FriendViewController.h */,
				CC758E771C141D92002832A3 /* FriendViewController.m */,
			);
			name = Controllers;
			sourceTree = "<group>";
		};
/* End PBXGroup section */

/* Begin PBXNativeTarget section */
		CC12BED91C12E56A0013299F /* WX-作业 */ = {
			isa = PBXNativeTarget;
			buildConfigurationList = CC12BEFD1C12E56A0013299F /* Build configuration list for PBXNativeTarget "WX-作业" */;
			buildPhases = (
				CC12BED61C12E56A0013299F /* Sources */,
				CC12BED71C12E56A0013299F /* Frameworks */,
				CC12BED81C12E56A0013299F /* Resources */,
			);
			buildRules = (
			);
			dependencies = (
			);
			name = "WX-作业";
			productName = "WX-作业";
			productReference = CC12BEDA1C12E56A0013299F /* WX-作业.app */;
			productType = "com.apple.product-type.application";
		};
		CC12BEF21C12E56A0013299F /* WX-作业Tests */ = {
			isa = PBXNativeTarget;
			buildConfigurationList = CC12BF001C12E56A0013299F /* Build configuration list for PBXNativeTarget "WX-作业Tests" */;
			buildPhases = (
				CC12BEEF1C12E56A0013299F /* Sources */,
				CC12BEF01C12E56A0013299F /* Frameworks */,
				CC12BEF11C12E56A0013299F /* Resources */,
			);
			buildRules = (
			);
			dependencies = (
				CC12BEF51C12E56A0013299F /* PBXTargetDependency */,
			);
			name = "WX-作业Tests";
			productName = "WX-作业Tests";
			productReference = CC12BEF31C12E56A0013299F /* WX-作业Tests.xctest */;
			productType = "com.apple.product-type.bundle.unit-test";
		};
/* End PBXNativeTarget section */

/* Begin PBXProject section */
		CC12BED21C12E56A0013299F /* Project object */ = {
			isa = PBXProject;
			attributes = {
				LastUpgradeCheck = 0630;
				ORGANIZATIONNAME = qingyun;
				TargetAttributes = {
					CC12BED91C12E56A0013299F = {
						CreatedOnToolsVersion = 6.3;
					};
					CC12BEF21C12E56A0013299F = {
						CreatedOnToolsVersion = 6.3;
						TestTargetID = CC12BED91C12E56A0013299F;
					};
				};
			};
			buildConfigurationList = CC12BED51C12E56A0013299F /* Build configuration list for PBXProject "WX-作业" */;
			compatibilityVersion = "Xcode 3.2";
			developmentRegion = English;
			hasScannedForEncodings = 0;
			knownRegions = (
				en,
				Base,
			);
			mainGroup = CC12BED11C12E56A0013299F;
			productRefGroup = CC12BEDB1C12E56A0013299F /* Products */;
			projectDirPath = "";
			projectRoot = "";
			targets = (
				CC12BED91C12E56A0013299F /* WX-作业 */,
				CC12BEF21C12E56A0013299F /* WX-作业Tests */,
			);
		};
/* End PBXProject section */

/* Begin PBXResourcesBuildPhase section */
		CC12BED81C12E56A0013299F /* Resources */ = {
			isa = PBXResourcesBuildPhase;
			buildActionMask = 2147483647;
			files = (
				CC12BF651C12E8D90013299F /* MoreMyFavorites@3x.png in Resources */,
				CC12BF831C12E8D90013299F /* icon_10.png in Resources */,
				CCAB8AD01C14653500136C2B /* 2_1.jpg in Resources */,
				CC12BF4E1C12E8D90013299F /* 001.png in Resources */,
				CC12BF791C12E8D90013299F /* icon_00.png in Resources */,
				CC12BF5E1C12E8D90013299F /* MoreMyAlbum@2x.png in Resources */,
				CC12BF7B1C12E8D90013299F /* icon_02.png in Resources */,
				CC12BF7A1C12E8D90013299F /* icon_01.png in Resources */,
				CC12BF681C12E8D90013299F /* tabbar_contacts@2x.png in Resources */,
				CC12BF711C12E8D90013299F /* tabbar_mainframe@3x.png in Resources */,
				CC12BF771C12E8D90013299F /* tabbar_meHL@3x.png in Resources */,
				CCAB8ACE1C14652B00136C2B /* 3_1.jpg in Resources */,
				CC12BF671C12E8D90013299F /* MoreSetting@3x.png in Resources */,
				CC12BF7D1C12E8D90013299F /* icon_04.png in Resources */,
				CC12BEE91C12E56A0013299F /* Main.storyboard in Resources */,
				CC12BF691C12E8D90013299F /* tabbar_contacts@3x.png in Resources */,
				CC12BF591C12E8D90013299F /* buddy_header_bg_highlighted.png in Resources */,
				CC12BF861C12E8D90013299F /* icon_13.png in Resources */,
				CC12BF6C1C12E8D90013299F /* tabbar_discover@2x.png in Resources */,
				CC12BF641C12E8D90013299F /* MoreMyFavorites@2x.png in Resources */,
				CC12BF751C12E8D90013299F /* tabbar_me@3x.png in Resources */,
				CC12BF551C12E8D90013299F /* 008.png in Resources */,
				CC12BF6B1C12E8D90013299F /* tabbar_contactsHL@3x.png in Resources */,
				CCAB8ACC1C1464E000136C2B /* 1_1.jpg in Resources */,
				CC12BF581C12E8D90013299F /* buddy_header_bg.png in Resources */,
				CC12BF821C12E8D90013299F /* icon_09.png in Resources */,
				CC12BF5F1C12E8D90013299F /* MoreMyAlbum@3x.png in Resources */,
				CC12BF5C1C12E8D90013299F /* MoreExpressionShops@3x.png in Resources */,
				CC12BF881C12E8D90013299F /* tgs.plist in Resources */,
				CC12BF811C12E8D90013299F /* icon_08.png in Resources */,
				CC12BF7E1C12E8D90013299F /* icon_05.png in Resources */,
				CC12BF561C12E8D90013299F /* 009.png in Resources */,
				CC12BF721C12E8D90013299F /* tabbar_mainframeHL@2x.png in Resources */,
				CC12BF4C1C12E8D90013299F /* new_feature_3@2x.png in Resources */,
				CC12BF5A1C12E8D90013299F /* MoreExpressionShops.png in Resources */,
				CC12BF541C12E8D90013299F /* 007.png in Resources */,
				CC12BF621C12E8D90013299F /* MoreMyBankCard@3x.png in Resources */,
				CC12BF501C12E8D90013299F /* 003.png in Resources */,
				CC12BF4D1C12E8D90013299F /* 000.png in Resources */,
				CC12BF5D1C12E8D90013299F /* MoreMyAlbum.png in Resources */,
				CC12BF4B1C12E8D90013299F /* new_feature_2@2x.png in Resources */,
				CC12BF871C12E8D90013299F /* icon_14.png in Resources */,
				CC12BF701C12E8D90013299F /* tabbar_mainframe@2x.png in Resources */,
				CC12BF841C12E8D90013299F /* icon_11.png in Resources */,
				CC12BF601C12E8D90013299F /* MoreMyBankCard.png in Resources */,
				CC12BF611C12E8D90013299F /* MoreMyBankCard@2x.png in Resources */,
				CC12BF6F1C12E8D90013299F /* tabbar_discoverHL@3x.png in Resources */,
				CC12BF851C12E8D90013299F /* icon_12.png in Resources */,
				CC12BF741C12E8D90013299F /* tabbar_me@2x.png in Resources */,
				CC12BF511C12E8D90013299F /* 004.png in Resources */,
				CC12BF521C12E8D90013299F /* 005.png in Resources */,
				CC12BF7F1C12E8D90013299F /* icon_06.png in Resources */,
				CC12BF6A1C12E8D90013299F /* tabbar_contactsHL@2x.png in Resources */,
				CC12BEEE1C12E56A0013299F /* LaunchScreen.xib in Resources */,
				CC12BF731C12E8D90013299F /* tabbar_mainframeHL@3x.png in Resources */,
				CC12BF6D1C12E8D90013299F /* tabbar_discover@3x.png in Resources */,
				CC12BF781C12E8D90013299F /* tabbarBkg@2x.png in Resources */,
				CC12BF4A1C12E8D90013299F /* new_feature_1@2x.png in Resources */,
				CC12BF6E1C12E8D90013299F /* tabbar_discoverHL@2x.png in Resources */,
				CC12BF491C12E8D90013299F /* friends.plist in Resources */,
				CC12BF761C12E8D90013299F /* tabbar_meHL@2x.png in Resources */,
				CC12BF7C1C12E8D90013299F /* icon_03.png in Resources */,
				CC12BF5B1C12E8D90013299F /* MoreExpressionShops@2x.png in Resources */,
				CC12BF4F1C12E8D90013299F /* 002.png in Resources */,
				CC12BF801C12E8D90013299F /* icon_07.png in Resources */,
				CC12BF631C12E8D90013299F /* MoreMyFavorites.png in Resources */,
				CC12BF531C12E8D90013299F /* 006.png in Resources */,
				CC12BEEB1C12E56A0013299F /* Images.xcassets in Resources */,
				CC12BF571C12E8D90013299F /* buddy_header_arrow.png in Resources */,
				CC12BF661C12E8D90013299F /* MoreSetting@2x.png in Resources */,
			);
			runOnlyForDeploymentPostprocessing = 0;
		};
		CC12BEF11C12E56A0013299F /* Resources */ = {
			isa = PBXResourcesBuildPhase;
			buildActionMask = 2147483647;
			files = (
			);
			runOnlyForDeploymentPostprocessing = 0;
		};
/* End PBXResourcesBuildPhase section */

/* Begin PBXSourcesBuildPhase section */
		CC12BED61C12E56A0013299F /* Sources */ = {
			isa = PBXSourcesBuildPhase;
			buildActionMask = 2147483647;
			files = (
				CC758E801C141EFE002832A3 /* FriendHeadView.m in Sources */,
				CC390FD81C15A45B001E16BD /* SearchViewController.m in Sources */,
				CC12BEE31C12E56A0013299F /* AppDelegate.m in Sources */,
				CC02EFA11C13FABF00677FE1 /* TgTableViewCell.m in Sources */,
				CC758E731C141BB2002832A3 /* FriendsTableViewCell.m in Sources */,
				CC76F53F1C14509600964B04 /* FriendGroup.m in Sources */,
				CC2AC0191C15A1530015531C /* ViewController.m in Sources */,
				CCAB8ACA1C1463D500136C2B /* ZoomScrollView.m in Sources */,
				CC758E781C141D92002832A3 /* FriendViewController.m in Sources */,
				CC12BEE01C12E56A0013299F /* main.m in Sources */,
				CCAB8AC71C14588100136C2B /* SetViewController.m in Sources */,
				CC76F5391C142A6700964B04 /* FriendModel.m in Sources */,
				CC02EFA61C13FDED00677FE1 /* Tgmodel.m in Sources */,
			);
			runOnlyForDeploymentPostprocessing = 0;
		};
		CC12BEEF1C12E56A0013299F /* Sources */ = {
			isa = PBXSourcesBuildPhase;
			buildActionMask = 2147483647;
			files = (
				CC12BEFA1C12E56A0013299F /* WX___Tests.m in Sources */,
			);
			runOnlyForDeploymentPostprocessing = 0;
		};
/* End PBXSourcesBuildPhase section */

/* Begin PBXTargetDependency section */
		CC12BEF51C12E56A0013299F /* PBXTargetDependency */ = {
			isa = PBXTargetDependency;
			target = CC12BED91C12E56A0013299F /* WX-作业 */;
			targetProxy = CC12BEF41C12E56A0013299F /* PBXContainerItemProxy */;
		};
/* End PBXTargetDependency section */

/* Begin PBXVariantGroup section */
		CC12BEE71C12E56A0013299F /* Main.storyboard */ = {
			isa = PBXVariantGroup;
			children = (
				CC12BEE81C12E56A0013299F /* Base */,
			);
			name = Main.storyboard;
			sourceTree = "<group>";
		};
		CC12BEEC1C12E56A0013299F /* LaunchScreen.xib */ = {
			isa = PBXVariantGroup;
			children = (
				CC12BEED1C12E56A0013299F /* Base */,
			);
			name = LaunchScreen.xib;
			sourceTree = "<group>";
		};
/* End PBXVariantGroup section */

/* Begin XCBuildConfiguration section */
		CC12BEFB1C12E56A0013299F /* Debug */ = {
			isa = XCBuildConfiguration;
			buildSettings = {
				ALWAYS_SEARCH_USER_PATHS = NO;
				CLANG_CXX_LANGUAGE_STANDARD = "gnu++0x";
				CLANG_CXX_LIBRARY = "libc++";
				CLANG_ENABLE_MODULES = YES;
				CLANG_ENABLE_OBJC_ARC = YES;
				CLANG_WARN_BOOL_CONVERSION = YES;
				CLANG_WARN_CONSTANT_CONVERSION = YES;
				CLANG_WARN_DIRECT_OBJC_ISA_USAGE = YES_ERROR;
				CLANG_WARN_EMPTY_BODY = YES;
				CLANG_WARN_ENUM_CONVERSION = YES;
				CLANG_WARN_INT_CONVERSION = YES;
				CLANG_WARN_OBJC_ROOT_CLASS = YES_ERROR;
				CLANG_WARN_UNREACHABLE_CODE = YES;
				CLANG_WARN__DUPLICATE_METHOD_MATCH = YES;
				"CODE_SIGN_IDENTITY[sdk=iphoneos*]" = "iPhone Developer";
				COPY_PHASE_STRIP = NO;
				DEBUG_INFORMATION_FORMAT = "dwarf-with-dsym";
				ENABLE_STRICT_OBJC_MSGSEND = YES;
				GCC_C_LANGUAGE_STANDARD = gnu99;
				GCC_DYNAMIC_NO_PIC = NO;
				GCC_NO_COMMON_BLOCKS = YES;
				GCC_OPTIMIZATION_LEVEL = 0;
				GCC_PREPROCESSOR_DEFINITIONS = (
					"DEBUG=1",
					"$(inherited)",
				);
				GCC_SYMBOLS_PRIVATE_EXTERN = NO;
				GCC_WARN_64_TO_32_BIT_CONVERSION = YES;
				GCC_WARN_ABOUT_RETURN_TYPE = YES_ERROR;
				GCC_WARN_UNDECLARED_SELECTOR = YES;
				GCC_WARN_UNINITIALIZED_AUTOS = YES_AGGRESSIVE;
				GCC_WARN_UNUSED_FUNCTION = YES;
				GCC_WARN_UNUSED_VARIABLE = YES;
				IPHONEOS_DEPLOYMENT_TARGET = 8.3;
				MTL_ENABLE_DEBUG_INFO = YES;
				ONLY_ACTIVE_ARCH = YES;
				SDKROOT = iphoneos;
			};
			name = Debug;
		};
		CC12BEFC1C12E56A0013299F /* Release */ = {
			isa = XCBuildConfiguration;
			buildSettings = {
				ALWAYS_SEARCH_USER_PATHS = NO;
				CLANG_CXX_LANGUAGE_STANDARD = "gnu++0x";
				CLANG_CXX_LIBRARY = "libc++";
				CLANG_ENABLE_MODULES = YES;
				CLANG_ENABLE_OBJC_ARC = YES;
				CLANG_WARN_BOOL_CONVERSION = YES;
				CLANG_WARN_CONSTANT_CONVERSION = YES;
				CLANG_WARN_DIRECT_OBJC_ISA_USAGE = YES_ERROR;
				CLANG_WARN_EMPTY_BODY = YES;
				CLANG_WARN_ENUM_CONVERSION = YES;
				CLANG_WARN_INT_CONVERSION = YES;
				CLANG_WARN_OBJC_ROOT_CLASS = YES_ERROR;
				CLANG_WARN_UNREACHABLE_CODE = YES;
				CLANG_WARN__DUPLICATE_METHOD_MATCH = YES;
				"CODE_SIGN_IDENTITY[sdk=iphoneos*]" = "iPhone Developer";
				COPY_PHASE_STRIP = NO;
				DEBUG_INFORMATION_FORMAT = "dwarf-with-dsym";
				ENABLE_NS_ASSERTIONS = NO;
				ENABLE_STRICT_OBJC_MSGSEND = YES;
				GCC_C_LANGUAGE_STANDARD = gnu99;
				GCC_NO_COMMON_BLOCKS = YES;
				GCC_WARN_64_TO_32_BIT_CONVERSION = YES;
				GCC_WARN_ABOUT_RETURN_TYPE = YES_ERROR;
				GCC_WARN_UNDECLARED_SELECTOR = YES;
				GCC_WARN_UNINITIALIZED_AUTOS = YES_AGGRESSIVE;
				GCC_WARN_UNUSED_FUNCTION = YES;
				GCC_WARN_UNUSED_VARIABLE = YES;
				IPHONEOS_DEPLOYMENT_TARGET = 8.3;
				MTL_ENABLE_DEBUG_INFO = NO;
				SDKROOT = iphoneos;
				VALIDATE_PRODUCT = YES;
			};
			name = Release;
		};
		CC12BEFE1C12E56A0013299F /* Debug */ = {
			isa = XCBuildConfiguration;
			buildSettings = {
				ASSETCATALOG_COMPILER_APPICON_NAME = AppIcon;
				INFOPLIST_FILE = "WX-作业/Info.plist";
				IPHONEOS_DEPLOYMENT_TARGET = 8.2;
				LD_RUNPATH_SEARCH_PATHS = "$(inherited) @executable_path/Frameworks";
				PRODUCT_NAME = "$(TARGET_NAME)";
			};
			name = Debug;
		};
		CC12BEFF1C12E56A0013299F /* Release */ = {
			isa = XCBuildConfiguration;
			buildSettings = {
				ASSETCATALOG_COMPILER_APPICON_NAME = AppIcon;
				INFOPLIST_FILE = "WX-作业/Info.plist";
				IPHONEOS_DEPLOYMENT_TARGET = 8.2;
				LD_RUNPATH_SEARCH_PATHS = "$(inherited) @executable_path/Frameworks";
				PRODUCT_NAME = "$(TARGET_NAME)";
			};
			name = Release;
		};
		CC12BF011C12E56A0013299F /* Debug */ = {
			isa = XCBuildConfiguration;
			buildSettings = {
				BUNDLE_LOADER = "$(TEST_HOST)";
				FRAMEWORK_SEARCH_PATHS = (
					"$(SDKROOT)/Developer/Library/Frameworks",
					"$(inherited)",
				);
				GCC_PREPROCESSOR_DEFINITIONS = (
					"DEBUG=1",
					"$(inherited)",
				);
				INFOPLIST_FILE = "WX-作业Tests/Info.plist";
				LD_RUNPATH_SEARCH_PATHS = "$(inherited) @executable_path/Frameworks @loader_path/Frameworks";
				PRODUCT_NAME = "$(TARGET_NAME)";
				TEST_HOST = "$(BUILT_PRODUCTS_DIR)/WX-作业.app/WX-作业";
			};
			name = Debug;
		};
		CC12BF021C12E56A0013299F /* Release */ = {
			isa = XCBuildConfiguration;
			buildSettings = {
				BUNDLE_LOADER = "$(TEST_HOST)";
				FRAMEWORK_SEARCH_PATHS = (
					"$(SDKROOT)/Developer/Library/Frameworks",
					"$(inherited)",
				);
				INFOPLIST_FILE = "WX-作业Tests/Info.plist";
				LD_RUNPATH_SEARCH_PATHS = "$(inherited) @executable_path/Frameworks @loader_path/Frameworks";
				PRODUCT_NAME = "$(TARGET_NAME)";
				TEST_HOST = "$(BUILT_PRODUCTS_DIR)/WX-作业.app/WX-作业";
			};
			name = Release;
		};
/* End XCBuildConfiguration section */

/* Begin XCConfigurationList section */
		CC12BED51C12E56A0013299F /* Build configuration list for PBXProject "WX-作业" */ = {
			isa = XCConfigurationList;
			buildConfigurations = (
				CC12BEFB1C12E56A0013299F /* Debug */,
				CC12BEFC1C12E56A0013299F /* Release */,
			);
			defaultConfigurationIsVisible = 0;
			defaultConfigurationName = Release;
		};
		CC12BEFD1C12E56A0013299F /* Build configuration list for PBXNativeTarget "WX-作业" */ = {
			isa = XCConfigurationList;
			buildConfigurations = (
				CC12BEFE1C12E56A0013299F /* Debug */,
				CC12BEFF1C12E56A0013299F /* Release */,
			);
			defaultConfigurationIsVisible = 0;
			defaultConfigurationName = Release;
		};
		CC12BF001C12E56A0013299F /* Build configuration list for PBXNativeTarget "WX-作业Tests" */ = {
			isa = XCConfigurationList;
			buildConfigurations = (
				CC12BF011C12E56A0013299F /* Debug */,
				CC12BF021C12E56A0013299F /* Release */,
			);
			defaultConfigurationIsVisible = 0;
			defaultConfigurationName = Release;
		};
/* End XCConfigurationList section */
	};
	rootObject = CC12BED21C12E56A0013299F /* Project object */;
}
